
Microsoft Visual Studio Solution File, Format Version 12.00
# Visual Studio Version 16
VisualStudioVersion = 16.0.30524.135
MinimumVisualStudioVersion = 10.0.40219.1
Project("{888888A0-9F3D-457C-B088-3A5042F75D52}") = "FlaskWebProject1", "FlaskWebProject1.pyproj", "{AF4BC002-9709-4C3F-8CEF-E81EA634680B}"
EndProject
Global
	GlobalSection(SolutionConfigurationPlatforms) = preSolution
		Debug|Any CPU = Debug|Any CPU
		Release|Any CPU = Release|Any CPU
	EndGlobalSection
	GlobalSection(ProjectConfigurationPlatforms) = postSolution
		{AF4BC002-9709-4C3F-8CEF-E81EA634680B}.Debug|Any CPU.ActiveCfg = Debug|Any CPU
		{AF4BC002-9709-4C3F-8CEF-E81EA634680B}.Debug|Any CPU.Build.0 = Debug|Any CPU
		{AF4BC002-9709-4C3F-8CEF-E81EA634680B}.Release|Any CPU.ActiveCfg = Release|Any CPU
		{AF4BC002-9709-4C3F-8CEF-E81EA634680B}.Release|Any CPU.Build.0 = Release|Any CPU
	EndGlobalSection
	GlobalSection(SolutionProperties) = preSolution
		HideSolutionNode = FALSE
	EndGlobalSection
	GlobalSection(ExtensibilityGlobals) = postSolution
		SolutionGuid = {9B23DB6A-8A32-4338-9EDD-980069CBA2FE}
	EndGlobalSection
EndGlobal
